Microsoft Visual Studio Solution File, Format Version 12.00
# Visual Studio Version 17
VisualStudioVersion = 17.5.2.0
MinimumVisualStudioVersion = 10.0.40219.1
Project("{FAE04EC0-301F-11D3-BF4B-00C04F79EFBC}") = "DSW1_T1_GOMEZ_JHONATAN", "DSW1_T1_GOMEZ_JHONATAN.csproj", "{772D99D9-93B4-36AB-9D93-0F9C055F0CFC}"
EndProject
Global
	GlobalSection(SolutionConfigurationPlatforms) = preSolution
		Debug|Any CPU = Debug|Any CPU
		Release|Any CPU = Release|Any CPU
	EndGlobalSection
	GlobalSection(ProjectConfigurationPlatforms) = postSolution
		{772D99D9-93B4-36AB-9D93-0F9C055F0CFC}.Debug|Any CPU.ActiveCfg = Debug|Any CPU
		{772D99D9-93B4-36AB-9D93-0F9C055F0CFC}.Debug|Any CPU.Build.0 = Debug|Any CPU
		{772D99D9-93B4-36AB-9D93-0F9C055F0CFC}.Release|Any CPU.ActiveCfg = Release|Any CPU
		{772D99D9-93B4-36AB-9D93-0F9C055F0CFC}.Release|Any CPU.Build.0 = Release|Any CPU
	EndGlobalSection
	GlobalSection(SolutionProperties) = preSolution
		HideSolutionNode = FALSE
	EndGlobalSection
	GlobalSection(ExtensibilityGlobals) = postSolution
		SolutionGuid = {8CBC9CC4-FC5F-4578-9CAE-4BDFFBA29CF1}
	EndGlobalSection
EndGlobal
